{
  "name": "pw-p-lab",
  "version": "1.0.0",
  "lockfileVersion": 3,
  "requires": true,
  "packages": {
    "": {
      "name": "pw-p-lab",
      "version": "1.0.0",
      "hasInstallScript": true,
      "license": "ISC",
      "dependencies": {
        "@prisma/extension-accelerate": "^2.0.2"
      }
    },
    "node_modules/@prisma/client": {
      "version": "5.0.0",
      "resolved": "https://registry.npmjs.org/@prisma/client/-/client-5.0.0.tgz",
      "integrity": "sha512-XlO5ELNAQ7rV4cXIDJUNBEgdLwX3pjtt9Q/RHqDpGf43szpNJx2hJnggfFs7TKNx0cOFsl6KJCSfqr5duEU/bQ==",
      "hasInstallScript": true,
      "license": "Apache-2.0",
      "peer": true,
      "dependencies": {
        "@prisma/engines-version": "4.17.0-26.6b0aef69b7cdfc787f822ecd7cdc76d5f1991584"
      },
      "engines": {
        "node": ">=16.13"
      },
      "peerDependencies": {
        "prisma": "*"
      },
      "peerDependenciesMeta": {
        "prisma": {
          "optional": true
        }
      }
    },
    "node_modules/@prisma/engines": {
      "version": "5.0.0",
      "resolved": "https://registry.npmjs.org/@prisma/engines/-/engines-5.0.0.tgz",
      "integrity": "sha512-kyT/8fd0OpWmhAU5YnY7eP31brW1q1YrTGoblWrhQJDiN/1K+Z8S1kylcmtjqx5wsUGcP1HBWutayA/jtyt+sg==",
      "hasInstallScript": true,
      "license": "Apache-2.0",
      "optional": true,
      "peer": true
    },
    "node_modules/@prisma/engines-version": {
      "version": "4.17.0-26.6b0aef69b7cdfc787f822ecd7cdc76d5f1991584",
      "resolved": "https://registry.npmjs.org/@prisma/engines-version/-/engines-version-4.17.0-26.6b0aef69b7cdfc787f822ecd7cdc76d5f1991584.tgz",
      "integrity": "sha512-HHiUF6NixsldsP3JROq07TYBLEjXFKr6PdH8H4gK/XAoTmIplOJBCgrIUMrsRAnEuGyRoRLXKXWUb943+PFoKQ==",
      "license": "Apache-2.0",
      "peer": true
    },
    "node_modules/@prisma/extension-accelerate": {
      "version": "2.0.2",
      "resolved": "https://registry.npmjs.org/@prisma/extension-accelerate/-/extension-accelerate-2.0.2.tgz",
      "integrity": "sha512-yZK6/k7uOEFpEsKoZezQS1CKDboPtBCQ0NyI70e1Un8tDiRgg80iWGyjsJmRpps2ZIut3MroHP+dyR3wVKh8lA==",
      "engines": {
        "node": ">=18"
      },
      "peerDependencies": {
        "@prisma/client": ">=4.16.1"
      }
    },
    "node_modules/prisma": {
      "version": "5.0.0",
      "resolved": "https://registry.npmjs.org/prisma/-/prisma-5.0.0.tgz",
      "integrity": "sha512-KYWk83Fhi1FH59jSpavAYTt2eoMVW9YKgu8ci0kuUnt6Dup5Qy47pcB4/TLmiPAbhGrxxSz7gsSnJcCmkyPANA==",
      "hasInstallScript": true,
      "license": "Apache-2.0",
      "optional": true,
      "peer": true,
      "dependencies": {
        "@prisma/engines": "5.0.0"
      },
      "bin": {
        "prisma": "build/index.js"
      },
      "engines": {
        "node": ">=16.13"
      }
    }
  }
}
